
Microsoft Visual Studio Solution File, Format Version 12.00
# Visual Studio 15
VisualStudioVersion = 15.0.27428.2027
MinimumVisualStudioVersion = 10.0.40219.1
Project("{FAE04EC0-301F-11D3-BF4B-00C04F79EFBC}") = "WCFFundamentals", "WCFFundamentals\WCFFundamentals.csproj", "{7AB1BD21-83FE-4EBC-AF5D-C60EE4828EC2}"
EndProject
Project("{FAE04EC0-301F-11D3-BF4B-00C04F79EFBC}") = "TestService", "TestService\TestService.csproj", "{FE35B28F-ED09-4019-A14F-4DE705E32116}"
	ProjectSection(ProjectDependencies) = postProject
		{7AB1BD21-83FE-4EBC-AF5D-C60EE4828EC2} = {7AB1BD21-83FE-4EBC-AF5D-C60EE4828EC2}
	EndProjectSection
EndProject
Global
	GlobalSection(SolutionConfigurationPlatforms) = preSolution
		Debug|Any CPU = Debug|Any CPU
		Release|Any CPU = Release|Any CPU
	EndGlobalSection
	GlobalSection(ProjectConfigurationPlatforms) = postSolution
		{7AB1BD21-83FE-4EBC-AF5D-C60EE4828EC2}.Debug|Any CPU.ActiveCfg = Debug|Any CPU
		{7AB1BD21-83FE-4EBC-AF5D-C60EE4828EC2}.Debug|Any CPU.Build.0 = Debug|Any CPU
		{7AB1BD21-83FE-4EBC-AF5D-C60EE4828EC2}.Release|Any CPU.ActiveCfg = Release|Any CPU
		{7AB1BD21-83FE-4EBC-AF5D-C60EE4828EC2}.Release|Any CPU.Build.0 = Release|Any CPU
		{FE35B28F-ED09-4019-A14F-4DE705E32116}.Debug|Any CPU.ActiveCfg = Debug|Any CPU
		{FE35B28F-ED09-4019-A14F-4DE705E32116}.Debug|Any CPU.Build.0 = Debug|Any CPU
		{FE35B28F-ED09-4019-A14F-4DE705E32116}.Release|Any CPU.ActiveCfg = Release|Any CPU
		{FE35B28F-ED09-4019-A14F-4DE705E32116}.Release|Any CPU.Build.0 = Release|Any CPU
	EndGlobalSection
	GlobalSection(SolutionProperties) = preSolution
		HideSolutionNode = FALSE
	EndGlobalSection
	GlobalSection(ExtensibilityGlobals) = postSolution
		SolutionGuid = {78BF6416-A97F-4310-963D-3165BB319843}
	EndGlobalSection
EndGlobal
