
Microsoft Visual Studio Solution File, Format Version 12.00
# Visual Studio 15
VisualStudioVersion = 15.0.27428.2027
MinimumVisualStudioVersion = 10.0.40219.1
Project("{FAE04EC0-301F-11D3-BF4B-00C04F79EFBC}") = "WCFREVIEW", "WCFREVIEW\WCFREVIEW.csproj", "{DD38D465-DE3B-4DF3-840E-43C4BBF9DA33}"
EndProject
Project("{FAE04EC0-301F-11D3-BF4B-00C04F79EFBC}") = "REVIEWConsole", "REVIEWConsole\REVIEWConsole.csproj", "{A70CC727-A566-42F8-9595-DBDA31816371}"
EndProject
Project("{FAE04EC0-301F-11D3-BF4B-00C04F79EFBC}") = "ConsoleApp1", "ConsoleApp1\ConsoleApp1.csproj", "{4C24A4AB-BE15-4CB0-AF7C-7F0EA46337CD}"
EndProject
Project("{FAE04EC0-301F-11D3-BF4B-00C04F79EFBC}") = "ConsoleApp2", "ConsoleApp2\ConsoleApp2.csproj", "{A7B01528-5A6D-49FC-B62A-E63ABDA72BDD}"
	ProjectSection(ProjectDependencies) = postProject
		{DD38D465-DE3B-4DF3-840E-43C4BBF9DA33} = {DD38D465-DE3B-4DF3-840E-43C4BBF9DA33}
	EndProjectSection
EndProject
Global
	GlobalSection(SolutionConfigurationPlatforms) = preSolution
		Debug|Any CPU = Debug|Any CPU
		Release|Any CPU = Release|Any CPU
	EndGlobalSection
	GlobalSection(ProjectConfigurationPlatforms) = postSolution
		{DD38D465-DE3B-4DF3-840E-43C4BBF9DA33}.Debug|Any CPU.ActiveCfg = Debug|Any CPU
		{DD38D465-DE3B-4DF3-840E-43C4BBF9DA33}.Debug|Any CPU.Build.0 = Debug|Any CPU
		{DD38D465-DE3B-4DF3-840E-43C4BBF9DA33}.Release|Any CPU.ActiveCfg = Release|Any CPU
		{DD38D465-DE3B-4DF3-840E-43C4BBF9DA33}.Release|Any CPU.Build.0 = Release|Any CPU
		{A70CC727-A566-42F8-9595-DBDA31816371}.Debug|Any CPU.ActiveCfg = Debug|Any CPU
		{A70CC727-A566-42F8-9595-DBDA31816371}.Debug|Any CPU.Build.0 = Debug|Any CPU
		{A70CC727-A566-42F8-9595-DBDA31816371}.Release|Any CPU.ActiveCfg = Release|Any CPU
		{A70CC727-A566-42F8-9595-DBDA31816371}.Release|Any CPU.Build.0 = Release|Any CPU
		{4C24A4AB-BE15-4CB0-AF7C-7F0EA46337CD}.Debug|Any CPU.ActiveCfg = Debug|Any CPU
		{4C24A4AB-BE15-4CB0-AF7C-7F0EA46337CD}.Debug|Any CPU.Build.0 = Debug|Any CPU
		{4C24A4AB-BE15-4CB0-AF7C-7F0EA46337CD}.Release|Any CPU.ActiveCfg = Release|Any CPU
		{4C24A4AB-BE15-4CB0-AF7C-7F0EA46337CD}.Release|Any CPU.Build.0 = Release|Any CPU
		{A7B01528-5A6D-49FC-B62A-E63ABDA72BDD}.Debug|Any CPU.ActiveCfg = Debug|Any CPU
		{A7B01528-5A6D-49FC-B62A-E63ABDA72BDD}.Debug|Any CPU.Build.0 = Debug|Any CPU
		{A7B01528-5A6D-49FC-B62A-E63ABDA72BDD}.Release|Any CPU.ActiveCfg = Release|Any CPU
		{A7B01528-5A6D-49FC-B62A-E63ABDA72BDD}.Release|Any CPU.Build.0 = Release|Any CPU
	EndGlobalSection
	GlobalSection(SolutionProperties) = preSolution
		HideSolutionNode = FALSE
	EndGlobalSection
	GlobalSection(ExtensibilityGlobals) = postSolution
		SolutionGuid = {E5843D87-10B4-429E-B827-E17BE286A99F}
	EndGlobalSection
EndGlobal
